
Microsoft Visual Studio Solution File, Format Version 12.00
# Visual Studio Version 17
VisualStudioVersion = 17.4.33110.190
MinimumVisualStudioVersion = 10.0.40219.1
Project("{FAE04EC0-301F-11D3-BF4B-00C04F79EFBC}") = "Restaurant_Project", "Restaurant_Project\Restaurant_Project.csproj", "{A033F0A0-F9CF-4223-933B-BB9EF896409B}"
EndProject
Global
	GlobalSection(SolutionConfigurationPlatforms) = preSolution
		Debug|Any CPU = Debug|Any CPU
		Release|Any CPU = Release|Any CPU
	EndGlobalSection
	GlobalSection(ProjectConfigurationPlatforms) = postSolution
		{A033F0A0-F9CF-4223-933B-BB9EF896409B}.Debug|Any CPU.ActiveCfg = Debug|Any CPU
		{A033F0A0-F9CF-4223-933B-BB9EF896409B}.Debug|Any CPU.Build.0 = Debug|Any CPU
		{A033F0A0-F9CF-4223-933B-BB9EF896409B}.Release|Any CPU.ActiveCfg = Release|Any CPU
		{A033F0A0-F9CF-4223-933B-BB9EF896409B}.Release|Any CPU.Build.0 = Release|Any CPU
	EndGlobalSection
	GlobalSection(SolutionProperties) = preSolution
		HideSolutionNode = FALSE
	EndGlobalSection
	GlobalSection(ExtensibilityGlobals) = postSolution
		SolutionGuid = {941CE457-D87E-4067-AB04-A9F6C97F9373}
	EndGlobalSection
EndGlobal
